
Microsoft Visual Studio Solution File, Format Version 12.00
# Visual Studio Version 17
VisualStudioVersion = 17.14.36518.9 d17.14
MinimumVisualStudioVersion = 10.0.40219.1
Project("{FAE04EC0-301F-11D3-BF4B-00C04F79EFBC}") = "EmpresaApi", "EmpresaApi\EmpresaApi.csproj", "{43EF39B3-1F18-4864-939A-ED50A689B243}"
EndProject
Global
	GlobalSection(SolutionConfigurationPlatforms) = preSolution
		Debug|Any CPU = Debug|Any CPU
		Release|Any CPU = Release|Any CPU
	EndGlobalSection
	GlobalSection(ProjectConfigurationPlatforms) = postSolution
		{43EF39B3-1F18-4864-939A-ED50A689B243}.Debug|Any CPU.ActiveCfg = Debug|Any CPU
		{43EF39B3-1F18-4864-939A-ED50A689B243}.Debug|Any CPU.Build.0 = Debug|Any CPU
		{43EF39B3-1F18-4864-939A-ED50A689B243}.Release|Any CPU.ActiveCfg = Release|Any CPU
		{43EF39B3-1F18-4864-939A-ED50A689B243}.Release|Any CPU.Build.0 = Release|Any CPU
	EndGlobalSection
	GlobalSection(SolutionProperties) = preSolution
		HideSolutionNode = FALSE
	EndGlobalSection
	GlobalSection(ExtensibilityGlobals) = postSolution
		SolutionGuid = {0A678FD6-F0CC-4F44-9DD0-BDD11634E6C1}
	EndGlobalSection
EndGlobal
